
Microsoft Visual Studio Solution File, Format Version 12.00
# Visual Studio 2012
Project("{FAE04EC0-301F-11D3-BF4B-00C04F79EFBC}") = "NCC2016ToneAnalyzer", "OfficeApp2\NCC2016ToneAnalyzer.csproj", "{4C437449-1D5C-4796-8B51-0633398B9E4B}"
EndProject
Project("{FAE04EC0-301F-11D3-BF4B-00C04F79EFBC}") = "NCC2016ToneAnalyzerWeb", "OfficeApp2Web\NCC2016ToneAnalyzerWeb.csproj", "{E17FF744-A0CD-45F5-8AC9-6D4E1B3EF373}"
EndProject
Global
	GlobalSection(SolutionConfigurationPlatforms) = preSolution
		Debug|Any CPU = Debug|Any CPU
		Release|Any CPU = Release|Any CPU
	EndGlobalSection
	GlobalSection(ProjectConfigurationPlatforms) = postSolution
		{4C437449-1D5C-4796-8B51-0633398B9E4B}.Debug|Any CPU.ActiveCfg = Debug|Any CPU
		{4C437449-1D5C-4796-8B51-0633398B9E4B}.Debug|Any CPU.Build.0 = Debug|Any CPU
		{4C437449-1D5C-4796-8B51-0633398B9E4B}.Debug|Any CPU.Deploy.0 = Debug|Any CPU
		{4C437449-1D5C-4796-8B51-0633398B9E4B}.Release|Any CPU.ActiveCfg = Release|Any CPU
		{4C437449-1D5C-4796-8B51-0633398B9E4B}.Release|Any CPU.Build.0 = Release|Any CPU
		{4C437449-1D5C-4796-8B51-0633398B9E4B}.Release|Any CPU.Deploy.0 = Release|Any CPU
		{E17FF744-A0CD-45F5-8AC9-6D4E1B3EF373}.Debug|Any CPU.ActiveCfg = Debug|Any CPU
		{E17FF744-A0CD-45F5-8AC9-6D4E1B3EF373}.Debug|Any CPU.Build.0 = Debug|Any CPU
		{E17FF744-A0CD-45F5-8AC9-6D4E1B3EF373}.Release|Any CPU.ActiveCfg = Release|Any CPU
		{E17FF744-A0CD-45F5-8AC9-6D4E1B3EF373}.Release|Any CPU.Build.0 = Release|Any CPU
	EndGlobalSection
	GlobalSection(SolutionProperties) = preSolution
		HideSolutionNode = FALSE
	EndGlobalSection
EndGlobal
